
Microsoft Visual Studio Solution File, Format Version 12.00
# Visual Studio Version 17
VisualStudioVersion = 17.9.34616.47
MinimumVisualStudioVersion = 10.0.40219.1
Project("{FAE04EC0-301F-11D3-BF4B-00C04F79EFBC}") = "SchoolManagementSystem", "SchoolManagementSystem\SchoolManagementSystem.csproj", "{896286B0-E7CB-472D-9E1B-38BDE5B647B1}"
EndProject
Project("{FAE04EC0-301F-11D3-BF4B-00C04F79EFBC}") = "SchoolManagement.DataAccess", "SchoolManagement.DataAccess\SchoolManagement.DataAccess.csproj", "{CFDBB6C1-3561-4114-8CAF-C8CF1D149E45}"
EndProject
Project("{FAE04EC0-301F-11D3-BF4B-00C04F79EFBC}") = "SchoolManagement.BusinessLogic", "SchoolManagement.BusinessLogic\SchoolManagement.BusinessLogic.csproj", "{D284D34F-DCC5-41DC-B019-29F08757F7D3}"
EndProject
Global
	GlobalSection(SolutionConfigurationPlatforms) = preSolution
		Debug|Any CPU = Debug|Any CPU
		Release|Any CPU = Release|Any CPU
	EndGlobalSection
	GlobalSection(ProjectConfigurationPlatforms) = postSolution
		{896286B0-E7CB-472D-9E1B-38BDE5B647B1}.Debug|Any CPU.ActiveCfg = Debug|Any CPU
		{896286B0-E7CB-472D-9E1B-38BDE5B647B1}.Debug|Any CPU.Build.0 = Debug|Any CPU
		{896286B0-E7CB-472D-9E1B-38BDE5B647B1}.Release|Any CPU.ActiveCfg = Release|Any CPU
		{896286B0-E7CB-472D-9E1B-38BDE5B647B1}.Release|Any CPU.Build.0 = Release|Any CPU
		{CFDBB6C1-3561-4114-8CAF-C8CF1D149E45}.Debug|Any CPU.ActiveCfg = Debug|Any CPU
		{CFDBB6C1-3561-4114-8CAF-C8CF1D149E45}.Debug|Any CPU.Build.0 = Debug|Any CPU
		{CFDBB6C1-3561-4114-8CAF-C8CF1D149E45}.Release|Any CPU.ActiveCfg = Release|Any CPU
		{CFDBB6C1-3561-4114-8CAF-C8CF1D149E45}.Release|Any CPU.Build.0 = Release|Any CPU
		{D284D34F-DCC5-41DC-B019-29F08757F7D3}.Debug|Any CPU.ActiveCfg = Debug|Any CPU
		{D284D34F-DCC5-41DC-B019-29F08757F7D3}.Debug|Any CPU.Build.0 = Debug|Any CPU
		{D284D34F-DCC5-41DC-B019-29F08757F7D3}.Release|Any CPU.ActiveCfg = Release|Any CPU
		{D284D34F-DCC5-41DC-B019-29F08757F7D3}.Release|Any CPU.Build.0 = Release|Any CPU
	EndGlobalSection
	GlobalSection(SolutionProperties) = preSolution
		HideSolutionNode = FALSE
	EndGlobalSection
	GlobalSection(ExtensibilityGlobals) = postSolution
		SolutionGuid = {8571D413-A9FD-4AE7-BD18-2BCBEFE13122}
	EndGlobalSection
EndGlobal
